<?xml version="1.0" encoding="utf-8"?>
<Project ToolsVersion="4.0" xmlns="http://schemas.microsoft.com/developer/msbuild/2003">
  <ItemGroup>
    <Filter Include="ucxxrt">
      <UniqueIdentifier>{43bdd7f0-a04c-4ad4-8841-a9c58a320638}</UniqueIdentifier>
    </Filter>
    <Filter Include="ucxxrt\include">
      <UniqueIdentifier>{29acd28e-db06-4633-8345-e2dd3cb98315}</UniqueIdentifier>
    </Filter>
    <Filter Include="ucxxrt\shared">
      <UniqueIdentifier>{ec04d761-0cec-41a9-8107-42392b41bc57}</UniqueIdentifier>
    </Filter>
    <Filter Include="ucxxrt\vcruntime">
      <UniqueIdentifier>{fba43e91-a11b-47fd-9ee4-eac0b4fe0ef2}</UniqueIdentifier>
    </Filter>
    <Filter Include="ucxxrt\x64">
      <UniqueIdentifier>{bf668d96-0521-4906-a7bf-486a765c9708}</UniqueIdentifier>
    </Filter>
    <Filter Include="ucxxrt\x86">
      <UniqueIdentifier>{a3d50442-11da-4797-b2cb-16eae70812b1}</UniqueIdentifier>
    </Filter>
  </ItemGroup>
  <ItemGroup>
    <None Include="cpp.hint" />
    <None Include="ucxxrt.inl" />
    <None Include="ucxxrt.props" />
    <None Include="src\x86\vcruntime.inc">
      <Filter>ucxxrt\x86</Filter>
    </None>
  </ItemGroup>
  <ItemGroup>
    <ClInclude Include="ucxxrt.h">
      <Filter>ucxxrt</Filter>
    </ClInclude>
    <ClInclude Include="include\new.h">
      <Filter>ucxxrt\include</Filter>
    </ClInclude>
    <ClInclude Include="include\stdint.h">
      <Filter>ucxxrt\include</Filter>
    </ClInclude>
    <ClInclude Include="include\typeinfo.h">
      <Filter>ucxxrt\include</Filter>
    </ClInclude>
    <ClInclude Include="src\shared\image.h">
      <Filter>ucxxrt\shared</Filter>
    </ClInclude>
    <ClInclude Include="src\shared\ucxxrt_pair.h">
      <Filter>ucxxrt\shared</Filter>
    </ClInclude>
    <ClInclude Include="src\shared\ucxxrt_traits.h">
      <Filter>ucxxrt\shared</Filter>
    </ClInclude>
    <ClInclude Include="src\vcruntime\ehassert.h">
      <Filter>ucxxrt\vcruntime</Filter>
    </ClInclude>
    <ClInclude Include="src\vcruntime\ehdata.h">
      <Filter>ucxxrt\vcruntime</Filter>
    </ClInclude>
    <ClInclude Include="src\vcruntime\ehdata_forceinclude.h">
      <Filter>ucxxrt\vcruntime</Filter>
    </ClInclude>
    <ClInclude Include="src\vcruntime\ehdata_values.h">
      <Filter>ucxxrt\vcruntime</Filter>
    </ClInclude>
    <ClInclude Include="src\vcruntime\ehdata4.h">
      <Filter>ucxxrt\vcruntime</Filter>
    </ClInclude>
    <ClInclude Include="src\vcruntime\ehdata4_export.h">
      <Filter>ucxxrt\vcruntime</Filter>
    </ClInclude>
    <ClInclude Include="src\vcruntime\ehhelpers.h">
      <Filter>ucxxrt\vcruntime</Filter>
    </ClInclude>
    <ClInclude Include="src\vcruntime\ehhooks.h">
      <Filter>ucxxrt\vcruntime</Filter>
    </ClInclude>
    <ClInclude Include="src\vcruntime\ehstate.h">
      <Filter>ucxxrt\vcruntime</Filter>
    </ClInclude>
    <ClInclude Include="src\vcruntime\ptd_downlevel.h">
      <Filter>ucxxrt\vcruntime</Filter>
    </ClInclude>
    <ClInclude Include="src\vcruntime\startup.h">
      <Filter>ucxxrt\vcruntime</Filter>
    </ClInclude>
    <ClInclude Include="src\vcruntime\trnsctrl.h">
      <Filter>ucxxrt\vcruntime</Filter>
    </ClInclude>
    <ClInclude Include="src\vcruntime\vcruntime.h">
      <Filter>ucxxrt\vcruntime</Filter>
    </ClInclude>
  </ItemGroup>
  <ItemGroup>
    <ClCompile Include="src\shared\image.cpp">
      <Filter>ucxxrt\shared</Filter>
    </ClCompile>
    <ClCompile Include="src\vcruntime\ehhelpers.cpp">
      <Filter>ucxxrt\vcruntime</Filter>
    </ClCompile>
    <ClCompile Include="src\vcruntime\ehstate.cpp">
      <Filter>ucxxrt\vcruntime</Filter>
    </ClCompile>
    <ClCompile Include="src\vcruntime\frame.cpp">
      <Filter>ucxxrt\vcruntime</Filter>
    </ClCompile>
    <ClCompile Include="src\vcruntime\new.cpp">
      <Filter>ucxxrt\vcruntime</Filter>
    </ClCompile>
    <ClCompile Include="src\vcruntime\ptd_downlevel.cpp">
      <Filter>ucxxrt\vcruntime</Filter>
    </ClCompile>
    <ClCompile Include="src\vcruntime\startup.cpp">
      <Filter>ucxxrt\vcruntime</Filter>
    </ClCompile>
    <ClCompile Include="src\vcruntime\stdlib.cpp">
      <Filter>ucxxrt\vcruntime</Filter>
    </ClCompile>
    <ClCompile Include="src\vcruntime\stdthrow.cpp">
      <Filter>ucxxrt\vcruntime</Filter>
    </ClCompile>
    <ClCompile Include="src\vcruntime\throw.cpp">
      <Filter>ucxxrt\vcruntime</Filter>
    </ClCompile>
    <ClCompile Include="src\vcruntime\unexpected.cpp">
      <Filter>ucxxrt\vcruntime</Filter>
    </ClCompile>
    <ClCompile Include="src\x64\except.cpp">
      <Filter>ucxxrt\x64</Filter>
    </ClCompile>
    <ClCompile Include="src\x64\gshandlereh.cpp">
      <Filter>ucxxrt\x64</Filter>
    </ClCompile>
    <ClCompile Include="src\x64\gshandlereh4.cpp">
      <Filter>ucxxrt\x64</Filter>
    </ClCompile>
    <ClCompile Include="src\x64\handlers.cpp">
      <Filter>ucxxrt\x64</Filter>
    </ClCompile>
    <ClCompile Include="src\x64\trnsctrl.cpp">
      <Filter>ucxxrt\x64</Filter>
    </ClCompile>
    <ClCompile Include="src\x86\except.cpp">
      <Filter>ucxxrt\x86</Filter>
    </ClCompile>
    <ClCompile Include="src\x86\trnsctrl.cpp">
      <Filter>ucxxrt\x86</Filter>
    </ClCompile>
    <ClCompile Include="src\vcruntime\typeinfo.cpp">
      <Filter>ucxxrt\vcruntime</Filter>
    </ClCompile>
  </ItemGroup>
  <ItemGroup>
    <MASM Include="src\x86\handlers.asm">
      <Filter>ucxxrt\x86</Filter>
    </MASM>
  </ItemGroup>
</Project>