
Microsoft Visual Studio Solution File, Format Version 12.00
# Visual Studio Version 16
VisualStudioVersion = 16.0.29728.190
MinimumVisualStudioVersion = 10.0.40219.1
Project("{2150E333-8FDC-42A3-9474-1A3956D46DE8}") = "kernel-mode", "kernel-mode", "{0E91BD66-460E-4EA2-B230-D873B9FD2F07}"
EndProject
Project("{2150E333-8FDC-42A3-9474-1A3956D46DE8}") = "user-mode", "user-mode", "{0EB63158-8278-40D0-9F7E-FB4D5B14E483}"
EndProject
Project("{8BC9CEB8-8B4A-11D0-8D11-00A0C91BC942}") = "ucxxrt-test", "unittest\kernel-mode\ucxxrt-test.vcxproj", "{4E2839CA-3BE7-44BC-B42D-445779B8A626}"
	ProjectSection(ProjectDependencies) = postProject
		{EB3FFE0C-999D-4391-98D7-F309A511619F} = {EB3FFE0C-999D-4391-98D7-F309A511619F}
	EndProjectSection
EndProject
Project("{8BC9CEB8-8B4A-11D0-8D11-00A0C91BC942}") = "ucxxrt-test", "unittest\user-mode\ucxxrt-test.vcxproj", "{2F30D706-8EB8-47AD-926E-CEE6C30801C6}"
	ProjectSection(ProjectDependencies) = postProject
		{C2EEFC15-6B22-443F-9DF5-6E34BA0906D4} = {C2EEFC15-6B22-443F-9DF5-6E34BA0906D4}
	EndProjectSection
EndProject
Project("{8BC9CEB8-8B4A-11D0-8D11-00A0C91BC942}") = "ucxxrt", "kernel-mode.vcxproj", "{EB3FFE0C-999D-4391-98D7-F309A511619F}"
EndProject
Project("{8BC9CEB8-8B4A-11D0-8D11-00A0C91BC942}") = "ucxxrt", "user-mode.vcxproj", "{C2EEFC15-6B22-443F-9DF5-6E34BA0906D4}"
EndProject
Global
	GlobalSection(SolutionConfigurationPlatforms) = preSolution
		Debug|ARM = Debug|ARM
		Debug|ARM64 = Debug|ARM64
		Debug|x64 = Debug|x64
		Debug|x86 = Debug|x86
		Release|ARM = Release|ARM
		Release|ARM64 = Release|ARM64
		Release|x64 = Release|x64
		Release|x86 = Release|x86
	EndGlobalSection
	GlobalSection(ProjectConfigurationPlatforms) = postSolution
		{4E2839CA-3BE7-44BC-B42D-445779B8A626}.Debug|ARM.ActiveCfg = Debug|ARM
		{4E2839CA-3BE7-44BC-B42D-445779B8A626}.Debug|ARM.Build.0 = Debug|ARM
		{4E2839CA-3BE7-44BC-B42D-445779B8A626}.Debug|ARM.Deploy.0 = Debug|ARM
		{4E2839CA-3BE7-44BC-B42D-445779B8A626}.Debug|ARM64.ActiveCfg = Debug|ARM64
		{4E2839CA-3BE7-44BC-B42D-445779B8A626}.Debug|ARM64.Build.0 = Debug|ARM64
		{4E2839CA-3BE7-44BC-B42D-445779B8A626}.Debug|ARM64.Deploy.0 = Debug|ARM64
		{4E2839CA-3BE7-44BC-B42D-445779B8A626}.Debug|x64.ActiveCfg = Debug|x64
		{4E2839CA-3BE7-44BC-B42D-445779B8A626}.Debug|x64.Build.0 = Debug|x64
		{4E2839CA-3BE7-44BC-B42D-445779B8A626}.Debug|x64.Deploy.0 = Debug|x64
		{4E2839CA-3BE7-44BC-B42D-445779B8A626}.Debug|x86.ActiveCfg = Debug|Win32
		{4E2839CA-3BE7-44BC-B42D-445779B8A626}.Debug|x86.Build.0 = Debug|Win32
		{4E2839CA-3BE7-44BC-B42D-445779B8A626}.Debug|x86.Deploy.0 = Debug|Win32
		{4E2839CA-3BE7-44BC-B42D-445779B8A626}.Release|ARM.ActiveCfg = Release|ARM
		{4E2839CA-3BE7-44BC-B42D-445779B8A626}.Release|ARM.Build.0 = Release|ARM
		{4E2839CA-3BE7-44BC-B42D-445779B8A626}.Release|ARM.Deploy.0 = Release|ARM
		{4E2839CA-3BE7-44BC-B42D-445779B8A626}.Release|ARM64.ActiveCfg = Release|ARM64
		{4E2839CA-3BE7-44BC-B42D-445779B8A626}.Release|ARM64.Build.0 = Release|ARM64
		{4E2839CA-3BE7-44BC-B42D-445779B8A626}.Release|ARM64.Deploy.0 = Release|ARM64
		{4E2839CA-3BE7-44BC-B42D-445779B8A626}.Release|x64.ActiveCfg = Release|x64
		{4E2839CA-3BE7-44BC-B42D-445779B8A626}.Release|x64.Build.0 = Release|x64
		{4E2839CA-3BE7-44BC-B42D-445779B8A626}.Release|x64.Deploy.0 = Release|x64
		{4E2839CA-3BE7-44BC-B42D-445779B8A626}.Release|x86.ActiveCfg = Release|Win32
		{4E2839CA-3BE7-44BC-B42D-445779B8A626}.Release|x86.Build.0 = Release|Win32
		{4E2839CA-3BE7-44BC-B42D-445779B8A626}.Release|x86.Deploy.0 = Release|Win32
		{2F30D706-8EB8-47AD-926E-CEE6C30801C6}.Debug|ARM.ActiveCfg = Debug|Win32
		{2F30D706-8EB8-47AD-926E-CEE6C30801C6}.Debug|ARM64.ActiveCfg = Debug|Win32
		{2F30D706-8EB8-47AD-926E-CEE6C30801C6}.Debug|x64.ActiveCfg = Debug|x64
		{2F30D706-8EB8-47AD-926E-CEE6C30801C6}.Debug|x64.Build.0 = Debug|x64
		{2F30D706-8EB8-47AD-926E-CEE6C30801C6}.Debug|x86.ActiveCfg = Debug|Win32
		{2F30D706-8EB8-47AD-926E-CEE6C30801C6}.Debug|x86.Build.0 = Debug|Win32
		{2F30D706-8EB8-47AD-926E-CEE6C30801C6}.Release|ARM.ActiveCfg = Release|Win32
		{2F30D706-8EB8-47AD-926E-CEE6C30801C6}.Release|ARM64.ActiveCfg = Release|Win32
		{2F30D706-8EB8-47AD-926E-CEE6C30801C6}.Release|x64.ActiveCfg = Release|x64
		{2F30D706-8EB8-47AD-926E-CEE6C30801C6}.Release|x64.Build.0 = Release|x64
		{2F30D706-8EB8-47AD-926E-CEE6C30801C6}.Release|x86.ActiveCfg = Release|Win32
		{2F30D706-8EB8-47AD-926E-CEE6C30801C6}.Release|x86.Build.0 = Release|Win32
		{EB3FFE0C-999D-4391-98D7-F309A511619F}.Debug|ARM.ActiveCfg = Debug|ARM
		{EB3FFE0C-999D-4391-98D7-F309A511619F}.Debug|ARM.Build.0 = Debug|ARM
		{EB3FFE0C-999D-4391-98D7-F309A511619F}.Debug|ARM.Deploy.0 = Debug|ARM
		{EB3FFE0C-999D-4391-98D7-F309A511619F}.Debug|ARM64.ActiveCfg = Debug|ARM64
		{EB3FFE0C-999D-4391-98D7-F309A511619F}.Debug|ARM64.Build.0 = Debug|ARM64
		{EB3FFE0C-999D-4391-98D7-F309A511619F}.Debug|ARM64.Deploy.0 = Debug|ARM64
		{EB3FFE0C-999D-4391-98D7-F309A511619F}.Debug|x64.ActiveCfg = Debug|x64
		{EB3FFE0C-999D-4391-98D7-F309A511619F}.Debug|x64.Build.0 = Debug|x64
		{EB3FFE0C-999D-4391-98D7-F309A511619F}.Debug|x64.Deploy.0 = Debug|x64
		{EB3FFE0C-999D-4391-98D7-F309A511619F}.Debug|x86.ActiveCfg = Debug|Win32
		{EB3FFE0C-999D-4391-98D7-F309A511619F}.Debug|x86.Build.0 = Debug|Win32
		{EB3FFE0C-999D-4391-98D7-F309A511619F}.Debug|x86.Deploy.0 = Debug|Win32
		{EB3FFE0C-999D-4391-98D7-F309A511619F}.Release|ARM.ActiveCfg = Release|ARM
		{EB3FFE0C-999D-4391-98D7-F309A511619F}.Release|ARM.Build.0 = Release|ARM
		{EB3FFE0C-999D-4391-98D7-F309A511619F}.Release|ARM.Deploy.0 = Release|ARM
		{EB3FFE0C-999D-4391-98D7-F309A511619F}.Release|ARM64.ActiveCfg = Release|ARM64
		{EB3FFE0C-999D-4391-98D7-F309A511619F}.Release|ARM64.Build.0 = Release|ARM64
		{EB3FFE0C-999D-4391-98D7-F309A511619F}.Release|ARM64.Deploy.0 = Release|ARM64
		{EB3FFE0C-999D-4391-98D7-F309A511619F}.Release|x64.ActiveCfg = Release|x64
		{EB3FFE0C-999D-4391-98D7-F309A511619F}.Release|x64.Build.0 = Release|x64
		{EB3FFE0C-999D-4391-98D7-F309A511619F}.Release|x64.Deploy.0 = Release|x64
		{EB3FFE0C-999D-4391-98D7-F309A511619F}.Release|x86.ActiveCfg = Release|Win32
		{EB3FFE0C-999D-4391-98D7-F309A511619F}.Release|x86.Build.0 = Release|Win32
		{EB3FFE0C-999D-4391-98D7-F309A511619F}.Release|x86.Deploy.0 = Release|Win32
		{C2EEFC15-6B22-443F-9DF5-6E34BA0906D4}.Debug|ARM.ActiveCfg = Debug|Win32
		{C2EEFC15-6B22-443F-9DF5-6E34BA0906D4}.Debug|ARM64.ActiveCfg = Debug|Win32
		{C2EEFC15-6B22-443F-9DF5-6E34BA0906D4}.Debug|x64.ActiveCfg = Debug|x64
		{C2EEFC15-6B22-443F-9DF5-6E34BA0906D4}.Debug|x64.Build.0 = Debug|x64
		{C2EEFC15-6B22-443F-9DF5-6E34BA0906D4}.Debug|x86.ActiveCfg = Debug|Win32
		{C2EEFC15-6B22-443F-9DF5-6E34BA0906D4}.Debug|x86.Build.0 = Debug|Win32
		{C2EEFC15-6B22-443F-9DF5-6E34BA0906D4}.Release|ARM.ActiveCfg = Release|Win32
		{C2EEFC15-6B22-443F-9DF5-6E34BA0906D4}.Release|ARM64.ActiveCfg = Release|Win32
		{C2EEFC15-6B22-443F-9DF5-6E34BA0906D4}.Release|x64.ActiveCfg = Release|x64
		{C2EEFC15-6B22-443F-9DF5-6E34BA0906D4}.Release|x64.Build.0 = Release|x64
		{C2EEFC15-6B22-443F-9DF5-6E34BA0906D4}.Release|x86.ActiveCfg = Release|Win32
		{C2EEFC15-6B22-443F-9DF5-6E34BA0906D4}.Release|x86.Build.0 = Release|Win32
	EndGlobalSection
	GlobalSection(SolutionProperties) = preSolution
		HideSolutionNode = FALSE
	EndGlobalSection
	GlobalSection(NestedProjects) = preSolution
		{4E2839CA-3BE7-44BC-B42D-445779B8A626} = {0E91BD66-460E-4EA2-B230-D873B9FD2F07}
		{2F30D706-8EB8-47AD-926E-CEE6C30801C6} = {0EB63158-8278-40D0-9F7E-FB4D5B14E483}
		{EB3FFE0C-999D-4391-98D7-F309A511619F} = {0E91BD66-460E-4EA2-B230-D873B9FD2F07}
		{C2EEFC15-6B22-443F-9DF5-6E34BA0906D4} = {0EB63158-8278-40D0-9F7E-FB4D5B14E483}
	EndGlobalSection
	GlobalSection(ExtensibilityGlobals) = postSolution
		SolutionGuid = {1E9ED5CB-C437-40A7-810D-0E5799F7A239}
	EndGlobalSection
EndGlobal
