<?xml version="1.0" encoding="utf-8"?>
<Project ToolsVersion="4.0" xmlns="http://schemas.microsoft.com/developer/msbuild/2003">
  <ItemGroup>
    <Filter Include="ucxxrt">
      <UniqueIdentifier>{a0a0bbef-a306-44ca-a029-9a74dcbb17bd}</UniqueIdentifier>
    </Filter>
    <Filter Include="ucxxrt\x86">
      <UniqueIdentifier>{255026ff-de77-4d34-8a52-2b18b23647a9}</UniqueIdentifier>
    </Filter>
    <Filter Include="ucxxrt\x64">
      <UniqueIdentifier>{c0adc598-ff28-49ba-bb8a-262bfa25b03b}</UniqueIdentifier>
    </Filter>
    <Filter Include="ucxxrt\vcruntime">
      <UniqueIdentifier>{669a903b-b25f-4ff1-89ed-978d3e55ce3b}</UniqueIdentifier>
    </Filter>
    <Filter Include="ucxxrt\shared">
      <UniqueIdentifier>{2970af2f-9b9f-479b-99a5-11024ff107ef}</UniqueIdentifier>
    </Filter>
    <Filter Include="ucxxrt\include">
      <UniqueIdentifier>{cbe4d4e2-924c-43da-84b5-9d62ff1fee57}</UniqueIdentifier>
    </Filter>
  </ItemGroup>
  <ItemGroup>
    <None Include="cpp.hint" />
    <None Include="ucxxrt.inl" />
    <None Include="ucxxrt.props" />
    <None Include="src\x86\vcruntime.inc">
      <Filter>ucxxrt\x86</Filter>
    </None>
  </ItemGroup>
  <ItemGroup>
    <ClInclude Include="ucxxrt.h">
      <Filter>ucxxrt</Filter>
    </ClInclude>
    <ClInclude Include="include\new.h">
      <Filter>ucxxrt\include</Filter>
    </ClInclude>
    <ClInclude Include="include\stdint.h">
      <Filter>ucxxrt\include</Filter>
    </ClInclude>
    <ClInclude Include="include\typeinfo.h">
      <Filter>ucxxrt\include</Filter>
    </ClInclude>
    <ClInclude Include="src\shared\image.h">
      <Filter>ucxxrt\shared</Filter>
    </ClInclude>
    <ClInclude Include="src\shared\ucxxrt_pair.h">
      <Filter>ucxxrt\shared</Filter>
    </ClInclude>
    <ClInclude Include="src\shared\ucxxrt_traits.h">
      <Filter>ucxxrt\shared</Filter>
    </ClInclude>
    <ClInclude Include="src\vcruntime\ehassert.h">
      <Filter>ucxxrt\vcruntime</Filter>
    </ClInclude>
    <ClInclude Include="src\vcruntime\ehdata.h">
      <Filter>ucxxrt\vcruntime</Filter>
    </ClInclude>
    <ClInclude Include="src\vcruntime\ehdata_forceinclude.h">
      <Filter>ucxxrt\vcruntime</Filter>
    </ClInclude>
    <ClInclude Include="src\vcruntime\ehdata_values.h">
      <Filter>ucxxrt\vcruntime</Filter>
    </ClInclude>
    <ClInclude Include="src\vcruntime\ehdata4.h">
      <Filter>ucxxrt\vcruntime</Filter>
    </ClInclude>
    <ClInclude Include="src\vcruntime\ehdata4_export.h">
      <Filter>ucxxrt\vcruntime</Filter>
    </ClInclude>
    <ClInclude Include="src\vcruntime\ehhelpers.h">
      <Filter>ucxxrt\vcruntime</Filter>
    </ClInclude>
    <ClInclude Include="src\vcruntime\ehhooks.h">
      <Filter>ucxxrt\vcruntime</Filter>
    </ClInclude>
    <ClInclude Include="src\vcruntime\ehstate.h">
      <Filter>ucxxrt\vcruntime</Filter>
    </ClInclude>
    <ClInclude Include="src\vcruntime\ptd_downlevel.h">
      <Filter>ucxxrt\vcruntime</Filter>
    </ClInclude>
    <ClInclude Include="src\vcruntime\startup.h">
      <Filter>ucxxrt\vcruntime</Filter>
    </ClInclude>
    <ClInclude Include="src\vcruntime\trnsctrl.h">
      <Filter>ucxxrt\vcruntime</Filter>
    </ClInclude>
    <ClInclude Include="src\vcruntime\vcruntime.h">
      <Filter>ucxxrt\vcruntime</Filter>
    </ClInclude>
  </ItemGroup>
  <ItemGroup>
    <ClCompile Include="src\shared\image.cpp">
      <Filter>ucxxrt\shared</Filter>
    </ClCompile>
    <ClCompile Include="src\vcruntime\ehhelpers.cpp">
      <Filter>ucxxrt\vcruntime</Filter>
    </ClCompile>
    <ClCompile Include="src\vcruntime\ehstate.cpp">
      <Filter>ucxxrt\vcruntime</Filter>
    </ClCompile>
    <ClCompile Include="src\vcruntime\frame.cpp">
      <Filter>ucxxrt\vcruntime</Filter>
    </ClCompile>
    <ClCompile Include="src\vcruntime\new.cpp">
      <Filter>ucxxrt\vcruntime</Filter>
    </ClCompile>
    <ClCompile Include="src\vcruntime\ptd_downlevel.cpp">
      <Filter>ucxxrt\vcruntime</Filter>
    </ClCompile>
    <ClCompile Include="src\vcruntime\startup.cpp">
      <Filter>ucxxrt\vcruntime</Filter>
    </ClCompile>
    <ClCompile Include="src\vcruntime\stdexcept.cpp">
      <Filter>ucxxrt\vcruntime</Filter>
    </ClCompile>
    <ClCompile Include="src\vcruntime\stdlib.cpp">
      <Filter>ucxxrt\vcruntime</Filter>
    </ClCompile>
    <ClCompile Include="src\vcruntime\stdthrow.cpp">
      <Filter>ucxxrt\vcruntime</Filter>
    </ClCompile>
    <ClCompile Include="src\vcruntime\throw.cpp">
      <Filter>ucxxrt\vcruntime</Filter>
    </ClCompile>
    <ClCompile Include="src\vcruntime\typeinfo.cpp">
      <Filter>ucxxrt\vcruntime</Filter>
    </ClCompile>
    <ClCompile Include="src\vcruntime\unexpected.cpp">
      <Filter>ucxxrt\vcruntime</Filter>
    </ClCompile>
    <ClCompile Include="src\x64\except.cpp">
      <Filter>ucxxrt\x64</Filter>
    </ClCompile>
    <ClCompile Include="src\x64\gshandlereh.cpp">
      <Filter>ucxxrt\x64</Filter>
    </ClCompile>
    <ClCompile Include="src\x64\gshandlereh4.cpp">
      <Filter>ucxxrt\x64</Filter>
    </ClCompile>
    <ClCompile Include="src\x64\handlers.cpp">
      <Filter>ucxxrt\x64</Filter>
    </ClCompile>
    <ClCompile Include="src\x64\trnsctrl.cpp">
      <Filter>ucxxrt\x64</Filter>
    </ClCompile>
    <ClCompile Include="src\x86\except.cpp">
      <Filter>ucxxrt\x86</Filter>
    </ClCompile>
    <ClCompile Include="src\x86\trnsctrl.cpp">
      <Filter>ucxxrt\x86</Filter>
    </ClCompile>
  </ItemGroup>
  <ItemGroup>
    <MASM Include="src\x86\handlers.asm">
      <Filter>ucxxrt\x86</Filter>
    </MASM>
  </ItemGroup>
</Project>