<?xml version="1.0" encoding="utf-8"?>
<Project ToolsVersion="4.0" xmlns="http://schemas.microsoft.com/developer/msbuild/2003">
  <ItemGroup>
    <Filter Include="ucxxrt">
      <UniqueIdentifier>{4FC737F1-C7A5-4376-A066-2A32D752A2FF}</UniqueIdentifier>
      <Extensions>h;hpp;hxx;hm;inl;inc;xsd;cpp;c;cc;cxx;def;odl;idl;hpj;bat;asm;asmx</Extensions>
    </Filter>
    <Filter Include="ucxxrt\crt">
      <UniqueIdentifier>{f0ada0f1-1c9e-4e86-97f0-f93fb362aee4}</UniqueIdentifier>
    </Filter>
    <Filter Include="ucxxrt\ucrt">
      <UniqueIdentifier>{4b03a16b-93fb-434c-950f-467d7dc15c02}</UniqueIdentifier>
    </Filter>
    <Filter Include="ucxxrt\ucrt\startup">
      <UniqueIdentifier>{d4ce7517-e5f4-48c9-8d2e-6da0cc4659f1}</UniqueIdentifier>
    </Filter>
    <Filter Include="ucxxrt\ucrt\heap">
      <UniqueIdentifier>{b25f4921-1647-4f61-a536-cb201f09c833}</UniqueIdentifier>
    </Filter>
    <Filter Include="ucxxrt\ucrt\inc">
      <UniqueIdentifier>{6a3f382b-ac00-414d-8a86-267e2a748b7a}</UniqueIdentifier>
    </Filter>
    <Filter Include="ucxxrt\ucrt\misc">
      <UniqueIdentifier>{0071d97c-1979-4b8a-b5d6-f8a5c0f0fa15}</UniqueIdentifier>
    </Filter>
    <Filter Include="ucxxrt\ucrt\stdio">
      <UniqueIdentifier>{b7322c1c-08cc-441a-b3a0-192f0dded357}</UniqueIdentifier>
    </Filter>
    <Filter Include="ucxxrt\ucrt\stdlib">
      <UniqueIdentifier>{e1fc29b7-35cb-4dec-9049-0d72f85f9ed8}</UniqueIdentifier>
    </Filter>
    <Filter Include="ucxxrt\ucrt\inc\i386">
      <UniqueIdentifier>{8a13a5c8-6a3f-4f0b-a9f1-7202d66baeb0}</UniqueIdentifier>
    </Filter>
    <Filter Include="ucxxrt\crt\arm">
      <UniqueIdentifier>{94aa2a52-3958-4e4e-a4dd-fa8ea7f32081}</UniqueIdentifier>
    </Filter>
    <Filter Include="ucxxrt\crt\arm64">
      <UniqueIdentifier>{617b7471-9d4f-4df9-b7af-fee21c064cfe}</UniqueIdentifier>
    </Filter>
    <Filter Include="ucxxrt\crt\i386">
      <UniqueIdentifier>{7e4bf0b0-eac0-4728-bdab-d544cba69f85}</UniqueIdentifier>
    </Filter>
    <Filter Include="ucxxrt\crt\x64">
      <UniqueIdentifier>{36b98cc6-453d-45ca-ba66-7288a2bc1ce6}</UniqueIdentifier>
    </Filter>
    <Filter Include="ucxxrt\crt\stl">
      <UniqueIdentifier>{3a99c57a-6c2b-4b3e-bdf7-ddb1cb9c3ee8}</UniqueIdentifier>
    </Filter>
    <Filter Include="ucxxrt\crt\vcruntime">
      <UniqueIdentifier>{8720b7e1-50de-4747-9eca-2ef4ea560fca}</UniqueIdentifier>
    </Filter>
    <Filter Include="ucxxrt\ucrt\internal">
      <UniqueIdentifier>{b1ae36f0-e82c-4518-bc71-a86e38c8a9d5}</UniqueIdentifier>
    </Filter>
  </ItemGroup>
  <ItemGroup>
    <ClInclude Include="..\src\ucxxrt.h">
      <Filter>ucxxrt</Filter>
    </ClInclude>
    <ClInclude Include="..\src\crt\vcruntime\ehhelpers.h">
      <Filter>ucxxrt\crt\vcruntime</Filter>
    </ClInclude>
    <ClInclude Include="..\src\crt\vcruntime\internal_shared.h">
      <Filter>ucxxrt\crt\vcruntime</Filter>
    </ClInclude>
    <ClInclude Include="..\src\crt\vcruntime\isa_availability.h">
      <Filter>ucxxrt\crt\vcruntime</Filter>
    </ClInclude>
    <ClInclude Include="..\src\crt\vcruntime\trnsctrl.h">
      <Filter>ucxxrt\crt\vcruntime</Filter>
    </ClInclude>
    <ClInclude Include="..\src\crt\vcruntime\vcruntime_internal.h">
      <Filter>ucxxrt\crt\vcruntime</Filter>
    </ClInclude>
    <ClInclude Include="..\src\crt\vcruntime\vcstartup_internal.h">
      <Filter>ucxxrt\crt\vcruntime</Filter>
    </ClInclude>
    <ClInclude Include="..\src\crt\stl\xmath.hpp">
      <Filter>ucxxrt\crt\stl</Filter>
    </ClInclude>
    <ClInclude Include="..\src\crt\stl\xxcctype.hpp">
      <Filter>ucxxrt\crt\stl</Filter>
    </ClInclude>
    <ClInclude Include="..\src\crt\stl\xxdftype.hpp">
      <Filter>ucxxrt\crt\stl</Filter>
    </ClInclude>
    <ClInclude Include="..\src\crt\stl\xxfftype.hpp">
      <Filter>ucxxrt\crt\stl</Filter>
    </ClInclude>
    <ClInclude Include="..\src\crt\stl\xxlftype.hpp">
      <Filter>ucxxrt\crt\stl</Filter>
    </ClInclude>
    <ClInclude Include="..\src\crt\stl\xxstod.hpp">
      <Filter>ucxxrt\crt\stl</Filter>
    </ClInclude>
    <ClInclude Include="..\src\crt\stl\xxwctype.hpp">
      <Filter>ucxxrt\crt\stl</Filter>
    </ClInclude>
    <ClInclude Include="..\src\crt\stl\xxxdtent.hpp">
      <Filter>ucxxrt\crt\stl</Filter>
    </ClInclude>
    <ClInclude Include="..\src\crt\stl\xxxprec.hpp">
      <Filter>ucxxrt\crt\stl</Filter>
    </ClInclude>
    <ClInclude Include="..\src\ucrt\inc\corecrt_internal.h">
      <Filter>ucxxrt\ucrt\inc</Filter>
    </ClInclude>
    <ClInclude Include="..\src\crt\vcruntime\ehdata.h">
      <Filter>ucxxrt\crt\vcruntime</Filter>
    </ClInclude>
    <ClInclude Include="..\src\crt\vcruntime\ehassert.h">
      <Filter>ucxxrt\crt\vcruntime</Filter>
    </ClInclude>
    <ClInclude Include="..\src\crt\vcruntime\ehhooks.h">
      <Filter>ucxxrt\crt\vcruntime</Filter>
    </ClInclude>
    <ClInclude Include="..\src\crt\vcruntime\winapi_thunks.h">
      <Filter>ucxxrt\crt\vcruntime</Filter>
    </ClInclude>
  </ItemGroup>
  <ItemGroup>
    <None Include="..\src\ucxxrt.inl">
      <Filter>ucxxrt</Filter>
    </None>
    <None Include="..\src\ucrt\inc\i386\cruntime.inc">
      <Filter>ucxxrt\ucrt\inc\i386</Filter>
    </None>
    <None Include="..\src\crt\i386\except.inc">
      <Filter>ucxxrt\crt\i386</Filter>
    </None>
    <None Include="..\src\crt\i386\exsup.inc">
      <Filter>ucxxrt\crt\i386</Filter>
    </None>
    <None Include="..\src\crt\i386\mm.inc">
      <Filter>ucxxrt\crt\i386</Filter>
    </None>
    <None Include="..\src\crt\i386\vcruntime.inc">
      <Filter>ucxxrt\crt\i386</Filter>
    </None>
    <None Include="..\src\crt\vcruntime\sys_common.inl">
      <Filter>ucxxrt\crt\vcruntime</Filter>
    </None>
  </ItemGroup>
  <ItemGroup>
    <ClCompile Include="..\src\ucrt\heap\malloc.cpp">
      <Filter>ucxxrt\ucrt\heap</Filter>
    </ClCompile>
    <ClCompile Include="..\src\ucrt\heap\new_handler.cpp">
      <Filter>ucxxrt\ucrt\heap</Filter>
    </ClCompile>
    <ClCompile Include="..\src\ucrt\heap\new_mode.cpp">
      <Filter>ucxxrt\ucrt\heap</Filter>
    </ClCompile>
    <ClCompile Include="..\src\ucrt\misc\dbgrpt.cpp">
      <Filter>ucxxrt\ucrt\misc</Filter>
    </ClCompile>
    <ClCompile Include="..\src\ucrt\misc\errno.cpp">
      <Filter>ucxxrt\ucrt\misc</Filter>
    </ClCompile>
    <ClCompile Include="..\src\ucrt\misc\message.cpp">
      <Filter>ucxxrt\ucrt\misc</Filter>
    </ClCompile>
    <ClCompile Include="..\src\ucrt\misc\terminate.cpp">
      <Filter>ucxxrt\ucrt\misc</Filter>
    </ClCompile>
    <ClCompile Include="..\src\ucrt\stdlib\abs.cpp">
      <Filter>ucxxrt\ucrt\stdlib</Filter>
    </ClCompile>
    <ClCompile Include="..\src\ucrt\stdlib\ceil.cpp">
      <Filter>ucxxrt\ucrt\stdlib</Filter>
    </ClCompile>
    <ClCompile Include="..\src\ucrt\stdlib\div.cpp">
      <Filter>ucxxrt\ucrt\stdlib</Filter>
    </ClCompile>
    <ClCompile Include="..\src\ucrt\stdlib\imaxabs.cpp">
      <Filter>ucxxrt\ucrt\stdlib</Filter>
    </ClCompile>
    <ClCompile Include="..\src\ucrt\stdlib\imaxdiv.cpp">
      <Filter>ucxxrt\ucrt\stdlib</Filter>
    </ClCompile>
    <ClCompile Include="..\src\ucrt\stdlib\labs.cpp">
      <Filter>ucxxrt\ucrt\stdlib</Filter>
    </ClCompile>
    <ClCompile Include="..\src\ucrt\stdlib\ldiv.cpp">
      <Filter>ucxxrt\ucrt\stdlib</Filter>
    </ClCompile>
    <ClCompile Include="..\src\ucrt\stdlib\llabs.cpp">
      <Filter>ucxxrt\ucrt\stdlib</Filter>
    </ClCompile>
    <ClCompile Include="..\src\ucrt\stdlib\lldiv.cpp">
      <Filter>ucxxrt\ucrt\stdlib</Filter>
    </ClCompile>
    <ClCompile Include="..\src\ucrt\stdlib\rotl.cpp">
      <Filter>ucxxrt\ucrt\stdlib</Filter>
    </ClCompile>
    <ClCompile Include="..\src\ucrt\stdlib\rotr.cpp">
      <Filter>ucxxrt\ucrt\stdlib</Filter>
    </ClCompile>
    <ClCompile Include="..\src\ucrt\stdio\output.cpp">
      <Filter>ucxxrt\ucrt\stdio</Filter>
    </ClCompile>
    <ClCompile Include="..\src\ucrt\startup\abort.cpp">
      <Filter>ucxxrt\ucrt\startup</Filter>
    </ClCompile>
    <ClCompile Include="..\src\crt\arm\gshandlereh.cpp">
      <Filter>ucxxrt\crt\arm</Filter>
    </ClCompile>
    <ClCompile Include="..\src\crt\arm\helpexcept.cpp">
      <Filter>ucxxrt\crt\arm</Filter>
    </ClCompile>
    <ClCompile Include="..\src\crt\arm64\gshandlereh.cpp">
      <Filter>ucxxrt\crt\arm64</Filter>
    </ClCompile>
    <ClCompile Include="..\src\crt\i386\chandler4.cpp">
      <Filter>ucxxrt\crt\i386</Filter>
    </ClCompile>
    <ClCompile Include="..\src\crt\i386\ehprolg2.cpp">
      <Filter>ucxxrt\crt\i386</Filter>
    </ClCompile>
    <ClCompile Include="..\src\crt\i386\ehprolg3.cpp">
      <Filter>ucxxrt\crt\i386</Filter>
    </ClCompile>
    <ClCompile Include="..\src\crt\i386\ehprolg3a.cpp">
      <Filter>ucxxrt\crt\i386</Filter>
    </ClCompile>
    <ClCompile Include="..\src\crt\i386\trnsctrl.cpp">
      <Filter>ucxxrt\crt\i386</Filter>
    </ClCompile>
    <ClCompile Include="..\src\crt\x64\gshandlereh.cpp">
      <Filter>ucxxrt\crt\x64</Filter>
    </ClCompile>
    <ClCompile Include="..\src\crt\x64\gshandlereh4.cpp">
      <Filter>ucxxrt\crt\x64</Filter>
    </ClCompile>
    <ClCompile Include="..\src\crt\vcruntime\checkcfg.cpp">
      <Filter>ucxxrt\crt\vcruntime</Filter>
    </ClCompile>
    <ClCompile Include="..\src\crt\vcruntime\delete_array.cpp">
      <Filter>ucxxrt\crt\vcruntime</Filter>
    </ClCompile>
    <ClCompile Include="..\src\crt\vcruntime\delete_array_align.cpp">
      <Filter>ucxxrt\crt\vcruntime</Filter>
    </ClCompile>
    <ClCompile Include="..\src\crt\vcruntime\delete_array_align_nothrow.cpp">
      <Filter>ucxxrt\crt\vcruntime</Filter>
    </ClCompile>
    <ClCompile Include="..\src\crt\vcruntime\delete_array_nothrow.cpp">
      <Filter>ucxxrt\crt\vcruntime</Filter>
    </ClCompile>
    <ClCompile Include="..\src\crt\vcruntime\delete_array_size.cpp">
      <Filter>ucxxrt\crt\vcruntime</Filter>
    </ClCompile>
    <ClCompile Include="..\src\crt\vcruntime\delete_array_size_align.cpp">
      <Filter>ucxxrt\crt\vcruntime</Filter>
    </ClCompile>
    <ClCompile Include="..\src\crt\vcruntime\delete_scalar.cpp">
      <Filter>ucxxrt\crt\vcruntime</Filter>
    </ClCompile>
    <ClCompile Include="..\src\crt\vcruntime\delete_scalar_align.cpp">
      <Filter>ucxxrt\crt\vcruntime</Filter>
    </ClCompile>
    <ClCompile Include="..\src\crt\vcruntime\delete_scalar_align_nothrow.cpp">
      <Filter>ucxxrt\crt\vcruntime</Filter>
    </ClCompile>
    <ClCompile Include="..\src\crt\vcruntime\delete_scalar_nothrow.cpp">
      <Filter>ucxxrt\crt\vcruntime</Filter>
    </ClCompile>
    <ClCompile Include="..\src\crt\vcruntime\delete_scalar_size.cpp">
      <Filter>ucxxrt\crt\vcruntime</Filter>
    </ClCompile>
    <ClCompile Include="..\src\crt\vcruntime\delete_scalar_size_align.cpp">
      <Filter>ucxxrt\crt\vcruntime</Filter>
    </ClCompile>
    <ClCompile Include="..\src\crt\vcruntime\ehhelpers.cpp">
      <Filter>ucxxrt\crt\vcruntime</Filter>
    </ClCompile>
    <ClCompile Include="..\src\crt\vcruntime\ehstate.cpp">
      <Filter>ucxxrt\crt\vcruntime</Filter>
    </ClCompile>
    <ClCompile Include="..\src\crt\vcruntime\ehvccctr.cpp">
      <Filter>ucxxrt\crt\vcruntime</Filter>
    </ClCompile>
    <ClCompile Include="..\src\crt\vcruntime\ehvcccvb.cpp">
      <Filter>ucxxrt\crt\vcruntime</Filter>
    </ClCompile>
    <ClCompile Include="..\src\crt\vcruntime\ehvecctr.cpp">
      <Filter>ucxxrt\crt\vcruntime</Filter>
    </ClCompile>
    <ClCompile Include="..\src\crt\vcruntime\ehveccvb.cpp">
      <Filter>ucxxrt\crt\vcruntime</Filter>
    </ClCompile>
    <ClCompile Include="..\src\crt\vcruntime\ehvecdtr.cpp">
      <Filter>ucxxrt\crt\vcruntime</Filter>
    </ClCompile>
    <ClCompile Include="..\src\crt\vcruntime\fltused.cpp">
      <Filter>ucxxrt\crt\vcruntime</Filter>
    </ClCompile>
    <ClCompile Include="..\src\crt\vcruntime\frame.cpp">
      <Filter>ucxxrt\crt\vcruntime</Filter>
    </ClCompile>
    <ClCompile Include="..\src\crt\vcruntime\gs_cookie.cpp">
      <Filter>ucxxrt\crt\vcruntime</Filter>
    </ClCompile>
    <ClCompile Include="..\src\crt\vcruntime\gs_report.cpp">
      <Filter>ucxxrt\crt\vcruntime</Filter>
    </ClCompile>
    <ClCompile Include="..\src\crt\vcruntime\gs_support.cpp">
      <Filter>ucxxrt\crt\vcruntime</Filter>
    </ClCompile>
    <ClCompile Include="..\src\crt\vcruntime\guard_support.cpp">
      <Filter>ucxxrt\crt\vcruntime</Filter>
    </ClCompile>
    <ClCompile Include="..\src\crt\vcruntime\initialization.cpp">
      <Filter>ucxxrt\crt\vcruntime</Filter>
    </ClCompile>
    <ClCompile Include="..\src\crt\vcruntime\initializers.cpp">
      <Filter>ucxxrt\crt\vcruntime</Filter>
    </ClCompile>
    <ClCompile Include="..\src\crt\vcruntime\jbcxrval.cpp">
      <Filter>ucxxrt\crt\vcruntime</Filter>
    </ClCompile>
    <ClCompile Include="..\src\crt\vcruntime\locks.cpp">
      <Filter>ucxxrt\crt\vcruntime</Filter>
    </ClCompile>
    <ClCompile Include="..\src\crt\vcruntime\new_array.cpp">
      <Filter>ucxxrt\crt\vcruntime</Filter>
    </ClCompile>
    <ClCompile Include="..\src\crt\vcruntime\new_array_align.cpp">
      <Filter>ucxxrt\crt\vcruntime</Filter>
    </ClCompile>
    <ClCompile Include="..\src\crt\vcruntime\new_array_align_nothrow.cpp">
      <Filter>ucxxrt\crt\vcruntime</Filter>
    </ClCompile>
    <ClCompile Include="..\src\crt\vcruntime\new_array_nothrow.cpp">
      <Filter>ucxxrt\crt\vcruntime</Filter>
    </ClCompile>
    <ClCompile Include="..\src\crt\vcruntime\new_mode.cpp">
      <Filter>ucxxrt\crt\vcruntime</Filter>
    </ClCompile>
    <ClCompile Include="..\src\crt\vcruntime\new_scalar.cpp">
      <Filter>ucxxrt\crt\vcruntime</Filter>
    </ClCompile>
    <ClCompile Include="..\src\crt\vcruntime\new_scalar_align.cpp">
      <Filter>ucxxrt\crt\vcruntime</Filter>
    </ClCompile>
    <ClCompile Include="..\src\crt\vcruntime\new_scalar_align_nothrow.cpp">
      <Filter>ucxxrt\crt\vcruntime</Filter>
    </ClCompile>
    <ClCompile Include="..\src\crt\vcruntime\new_scalar_nothrow.cpp">
      <Filter>ucxxrt\crt\vcruntime</Filter>
    </ClCompile>
    <ClCompile Include="..\src\crt\vcruntime\per_thread_data.cpp">
      <Filter>ucxxrt\crt\vcruntime</Filter>
    </ClCompile>
    <ClCompile Include="..\src\crt\vcruntime\pesect.cpp">
      <Filter>ucxxrt\crt\vcruntime</Filter>
    </ClCompile>
    <ClCompile Include="..\src\crt\vcruntime\riscchandler.cpp">
      <Filter>ucxxrt\crt\vcruntime</Filter>
    </ClCompile>
    <ClCompile Include="..\src\crt\vcruntime\risctrnsctrl.cpp">
      <Filter>ucxxrt\crt\vcruntime</Filter>
    </ClCompile>
    <ClCompile Include="..\src\crt\vcruntime\rtti.cpp">
      <Filter>ucxxrt\crt\vcruntime</Filter>
    </ClCompile>
    <ClCompile Include="..\src\crt\vcruntime\std_exception.cpp">
      <Filter>ucxxrt\crt\vcruntime</Filter>
    </ClCompile>
    <ClCompile Include="..\src\crt\vcruntime\std_type_info.cpp">
      <Filter>ucxxrt\crt\vcruntime</Filter>
    </ClCompile>
    <ClCompile Include="..\src\crt\vcruntime\std_type_info_static.cpp">
      <Filter>ucxxrt\crt\vcruntime</Filter>
    </ClCompile>
    <ClCompile Include="..\src\crt\vcruntime\throw.cpp">
      <Filter>ucxxrt\crt\vcruntime</Filter>
    </ClCompile>
    <ClCompile Include="..\src\crt\vcruntime\throw_bad_alloc.cpp">
      <Filter>ucxxrt\crt\vcruntime</Filter>
    </ClCompile>
    <ClCompile Include="..\src\crt\vcruntime\uncaught_exception.cpp">
      <Filter>ucxxrt\crt\vcruntime</Filter>
    </ClCompile>
    <ClCompile Include="..\src\crt\vcruntime\uncaught_exceptions.cpp">
      <Filter>ucxxrt\crt\vcruntime</Filter>
    </ClCompile>
    <ClCompile Include="..\src\crt\vcruntime\unexpected.cpp">
      <Filter>ucxxrt\crt\vcruntime</Filter>
    </ClCompile>
    <ClCompile Include="..\src\crt\vcruntime\utility.cpp">
      <Filter>ucxxrt\crt\vcruntime</Filter>
    </ClCompile>
    <ClCompile Include="..\src\crt\vcruntime\x86_exception_filter.cpp">
      <Filter>ucxxrt\crt\vcruntime</Filter>
    </ClCompile>
    <ClCompile Include="..\src\crt\stl\memory_resource.cpp">
      <Filter>ucxxrt\crt\stl</Filter>
    </ClCompile>
    <ClCompile Include="..\src\crt\stl\mexcptptr.cpp">
      <Filter>ucxxrt\crt\stl</Filter>
    </ClCompile>
    <ClCompile Include="..\src\crt\stl\multprec.cpp">
      <Filter>ucxxrt\crt\stl</Filter>
    </ClCompile>
    <ClCompile Include="..\src\crt\stl\nothrow.cpp">
      <Filter>ucxxrt\crt\stl</Filter>
    </ClCompile>
    <ClCompile Include="..\src\crt\stl\raisehan.cpp">
      <Filter>ucxxrt\crt\stl</Filter>
    </ClCompile>
    <ClCompile Include="..\src\crt\stl\stdhndlr.cpp">
      <Filter>ucxxrt\crt\stl</Filter>
    </ClCompile>
    <ClCompile Include="..\src\crt\stl\stdthrow.cpp">
      <Filter>ucxxrt\crt\stl</Filter>
    </ClCompile>
    <ClCompile Include="..\src\crt\stl\syserror.cpp">
      <Filter>ucxxrt\crt\stl</Filter>
    </ClCompile>
    <ClCompile Include="..\src\crt\stl\thread0.cpp">
      <Filter>ucxxrt\crt\stl</Filter>
    </ClCompile>
    <ClCompile Include="..\src\crt\stl\uncaught_exception.cpp">
      <Filter>ucxxrt\crt\stl</Filter>
    </ClCompile>
    <ClCompile Include="..\src\crt\stl\uncaught_exceptions.cpp">
      <Filter>ucxxrt\crt\stl</Filter>
    </ClCompile>
    <ClCompile Include="..\src\crt\stl\vector_algorithms.cpp">
      <Filter>ucxxrt\crt\stl</Filter>
    </ClCompile>
    <ClCompile Include="..\src\crt\stl\xcosh.cpp">
      <Filter>ucxxrt\crt\stl</Filter>
    </ClCompile>
    <ClCompile Include="..\src\crt\stl\xdint.cpp">
      <Filter>ucxxrt\crt\stl</Filter>
    </ClCompile>
    <ClCompile Include="..\src\crt\stl\xdnorm.cpp">
      <Filter>ucxxrt\crt\stl</Filter>
    </ClCompile>
    <ClCompile Include="..\src\crt\stl\xdscale.cpp">
      <Filter>ucxxrt\crt\stl</Filter>
    </ClCompile>
    <ClCompile Include="..\src\crt\stl\xdtento.cpp">
      <Filter>ucxxrt\crt\stl</Filter>
    </ClCompile>
    <ClCompile Include="..\src\crt\stl\xdtest.cpp">
      <Filter>ucxxrt\crt\stl</Filter>
    </ClCompile>
    <ClCompile Include="..\src\crt\stl\xdunscal.cpp">
      <Filter>ucxxrt\crt\stl</Filter>
    </ClCompile>
    <ClCompile Include="..\src\crt\stl\xexp.cpp">
      <Filter>ucxxrt\crt\stl</Filter>
    </ClCompile>
    <ClCompile Include="..\src\crt\stl\xfcosh.cpp">
      <Filter>ucxxrt\crt\stl</Filter>
    </ClCompile>
    <ClCompile Include="..\src\crt\stl\xfdint.cpp">
      <Filter>ucxxrt\crt\stl</Filter>
    </ClCompile>
    <ClCompile Include="..\src\crt\stl\xfdnorm.cpp">
      <Filter>ucxxrt\crt\stl</Filter>
    </ClCompile>
    <ClCompile Include="..\src\crt\stl\xfdscale.cpp">
      <Filter>ucxxrt\crt\stl</Filter>
    </ClCompile>
    <ClCompile Include="..\src\crt\stl\xfdtento.cpp">
      <Filter>ucxxrt\crt\stl</Filter>
    </ClCompile>
    <ClCompile Include="..\src\crt\stl\xfdtest.cpp">
      <Filter>ucxxrt\crt\stl</Filter>
    </ClCompile>
    <ClCompile Include="..\src\crt\stl\xfdunsca.cpp">
      <Filter>ucxxrt\crt\stl</Filter>
    </ClCompile>
    <ClCompile Include="..\src\crt\stl\xferaise.cpp">
      <Filter>ucxxrt\crt\stl</Filter>
    </ClCompile>
    <ClCompile Include="..\src\crt\stl\xfexp.cpp">
      <Filter>ucxxrt\crt\stl</Filter>
    </ClCompile>
    <ClCompile Include="..\src\crt\stl\xfprec.cpp">
      <Filter>ucxxrt\crt\stl</Filter>
    </ClCompile>
    <ClCompile Include="..\src\crt\stl\xfsinh.cpp">
      <Filter>ucxxrt\crt\stl</Filter>
    </ClCompile>
    <ClCompile Include="..\src\crt\stl\xfvalues.cpp">
      <Filter>ucxxrt\crt\stl</Filter>
    </ClCompile>
    <ClCompile Include="..\src\crt\stl\xlcosh.cpp">
      <Filter>ucxxrt\crt\stl</Filter>
    </ClCompile>
    <ClCompile Include="..\src\crt\stl\xldint.cpp">
      <Filter>ucxxrt\crt\stl</Filter>
    </ClCompile>
    <ClCompile Include="..\src\crt\stl\xldscale.cpp">
      <Filter>ucxxrt\crt\stl</Filter>
    </ClCompile>
    <ClCompile Include="..\src\crt\stl\xldtento.cpp">
      <Filter>ucxxrt\crt\stl</Filter>
    </ClCompile>
    <ClCompile Include="..\src\crt\stl\xldtest.cpp">
      <Filter>ucxxrt\crt\stl</Filter>
    </ClCompile>
    <ClCompile Include="..\src\crt\stl\xldunsca.cpp">
      <Filter>ucxxrt\crt\stl</Filter>
    </ClCompile>
    <ClCompile Include="..\src\crt\stl\xlexp.cpp">
      <Filter>ucxxrt\crt\stl</Filter>
    </ClCompile>
    <ClCompile Include="..\src\crt\stl\xlgamma.cpp">
      <Filter>ucxxrt\crt\stl</Filter>
    </ClCompile>
    <ClCompile Include="..\src\crt\stl\xlpoly.cpp">
      <Filter>ucxxrt\crt\stl</Filter>
    </ClCompile>
    <ClCompile Include="..\src\crt\stl\xlprec.cpp">
      <Filter>ucxxrt\crt\stl</Filter>
    </ClCompile>
    <ClCompile Include="..\src\crt\stl\xlsinh.cpp">
      <Filter>ucxxrt\crt\stl</Filter>
    </ClCompile>
    <ClCompile Include="..\src\crt\stl\xlvalues.cpp">
      <Filter>ucxxrt\crt\stl</Filter>
    </ClCompile>
    <ClCompile Include="..\src\crt\stl\xpoly.cpp">
      <Filter>ucxxrt\crt\stl</Filter>
    </ClCompile>
    <ClCompile Include="..\src\crt\stl\xprec.cpp">
      <Filter>ucxxrt\crt\stl</Filter>
    </ClCompile>
    <ClCompile Include="..\src\crt\stl\xrngabort.cpp">
      <Filter>ucxxrt\crt\stl</Filter>
    </ClCompile>
    <ClCompile Include="..\src\crt\stl\xrngdev.cpp">
      <Filter>ucxxrt\crt\stl</Filter>
    </ClCompile>
    <ClCompile Include="..\src\crt\stl\xsinh.cpp">
      <Filter>ucxxrt\crt\stl</Filter>
    </ClCompile>
    <ClCompile Include="..\src\crt\stl\xstod.cpp">
      <Filter>ucxxrt\crt\stl</Filter>
    </ClCompile>
    <ClCompile Include="..\src\crt\stl\xstof.cpp">
      <Filter>ucxxrt\crt\stl</Filter>
    </ClCompile>
    <ClCompile Include="..\src\crt\stl\xstoflt.cpp">
      <Filter>ucxxrt\crt\stl</Filter>
    </ClCompile>
    <ClCompile Include="..\src\crt\stl\xstol.cpp">
      <Filter>ucxxrt\crt\stl</Filter>
    </ClCompile>
    <ClCompile Include="..\src\crt\stl\xstold.cpp">
      <Filter>ucxxrt\crt\stl</Filter>
    </ClCompile>
    <ClCompile Include="..\src\crt\stl\xstoll.cpp">
      <Filter>ucxxrt\crt\stl</Filter>
    </ClCompile>
    <ClCompile Include="..\src\crt\stl\xstopfx.cpp">
      <Filter>ucxxrt\crt\stl</Filter>
    </ClCompile>
    <ClCompile Include="..\src\crt\stl\xstoul.cpp">
      <Filter>ucxxrt\crt\stl</Filter>
    </ClCompile>
    <ClCompile Include="..\src\crt\stl\xstoull.cpp">
      <Filter>ucxxrt\crt\stl</Filter>
    </ClCompile>
    <ClCompile Include="..\src\crt\stl\xstoxflt.cpp">
      <Filter>ucxxrt\crt\stl</Filter>
    </ClCompile>
    <ClCompile Include="..\src\crt\stl\xthrow.cpp">
      <Filter>ucxxrt\crt\stl</Filter>
    </ClCompile>
    <ClCompile Include="..\src\crt\stl\xvalues.cpp">
      <Filter>ucxxrt\crt\stl</Filter>
    </ClCompile>
    <ClCompile Include="..\src\crt\stl\xwstod.cpp">
      <Filter>ucxxrt\crt\stl</Filter>
    </ClCompile>
    <ClCompile Include="..\src\crt\stl\xwstof.cpp">
      <Filter>ucxxrt\crt\stl</Filter>
    </ClCompile>
    <ClCompile Include="..\src\crt\stl\xwstoflt.cpp">
      <Filter>ucxxrt\crt\stl</Filter>
    </ClCompile>
    <ClCompile Include="..\src\crt\stl\xwstold.cpp">
      <Filter>ucxxrt\crt\stl</Filter>
    </ClCompile>
    <ClCompile Include="..\src\crt\stl\xwstopfx.cpp">
      <Filter>ucxxrt\crt\stl</Filter>
    </ClCompile>
    <ClCompile Include="..\src\crt\stl\xwstoxfl.cpp">
      <Filter>ucxxrt\crt\stl</Filter>
    </ClCompile>
    <ClCompile Include="..\src\ucrt\startup\initterm.cpp">
      <Filter>ucxxrt\ucrt\startup</Filter>
    </ClCompile>
    <ClCompile Include="..\src\ucrt\startup\onexit.cpp">
      <Filter>ucxxrt\ucrt\startup</Filter>
    </ClCompile>
    <ClCompile Include="..\src\ucrt\internal\locks.cpp">
      <Filter>ucxxrt\ucrt\internal</Filter>
    </ClCompile>
    <ClCompile Include="..\src\crt\vcruntime\sys_main.cpp">
      <Filter>ucxxrt\crt\vcruntime</Filter>
    </ClCompile>
    <ClCompile Include="..\src\crt\vcruntime\sys_runtime.cpp">
      <Filter>ucxxrt\crt\vcruntime</Filter>
    </ClCompile>
    <ClCompile Include="..\src\ucrt\misc\exception_filter.cpp">
      <Filter>ucxxrt\ucrt\misc</Filter>
    </ClCompile>
    <ClCompile Include="..\src\ucrt\startup\exit.cpp">
      <Filter>ucxxrt\ucrt\startup</Filter>
    </ClCompile>
    <ClCompile Include="..\src\ucrt\internal\initialization.cpp">
      <Filter>ucxxrt\ucrt\internal</Filter>
    </ClCompile>
    <ClCompile Include="..\src\ucrt\internal\shared_initialization.cpp">
      <Filter>ucxxrt\ucrt\internal</Filter>
    </ClCompile>
    <ClCompile Include="..\src\crt\vcruntime\winapi_thunks.cpp">
      <Filter>ucxxrt\crt\vcruntime</Filter>
    </ClCompile>
    <ClCompile Include="..\src\ucrt\startup\cpu_disp.cpp">
      <Filter>ucxxrt\ucrt\startup</Filter>
    </ClCompile>
    <ClCompile Include="..\src\ucrt\internal\per_thread_data.cpp">
      <Filter>ucxxrt\ucrt\internal</Filter>
    </ClCompile>
    <ClCompile Include="..\src\ucrt\misc\invalid_parameter.cpp">
      <Filter>ucxxrt\ucrt\misc</Filter>
    </ClCompile>
    <ClCompile Include="..\src\ucrt\heap\align.cpp">
      <Filter>ucxxrt\ucrt\heap</Filter>
    </ClCompile>
    <ClCompile Include="..\src\ucrt\heap\calloc.cpp">
      <Filter>ucxxrt\ucrt\heap</Filter>
    </ClCompile>
    <ClCompile Include="..\src\ucrt\heap\expand.cpp">
      <Filter>ucxxrt\ucrt\heap</Filter>
    </ClCompile>
    <ClCompile Include="..\src\ucrt\heap\free.cpp">
      <Filter>ucxxrt\ucrt\heap</Filter>
    </ClCompile>
    <ClCompile Include="..\src\ucrt\heap\msize.cpp">
      <Filter>ucxxrt\ucrt\heap</Filter>
    </ClCompile>
    <ClCompile Include="..\src\ucrt\heap\realloc.cpp">
      <Filter>ucxxrt\ucrt\heap</Filter>
    </ClCompile>
    <ClCompile Include="..\src\ucrt\heap\recalloc.cpp">
      <Filter>ucxxrt\ucrt\heap</Filter>
    </ClCompile>
    <ClCompile Include="..\src\ucxxrt.cpp">
      <Filter>ucxxrt</Filter>
    </ClCompile>
    <ClCompile Include="..\src\crt\vcruntime\chandler_noexcept.cpp">
      <Filter>ucxxrt\crt\vcruntime</Filter>
    </ClCompile>
    <ClCompile Include="..\src\crt\vcruntime\user.cpp">
      <Filter>ucxxrt\crt\vcruntime</Filter>
    </ClCompile>
    <ClCompile Include="..\src\ucrt\heap\kmalloc.cpp">
      <Filter>ucxxrt\ucrt\heap</Filter>
    </ClCompile>
    <ClCompile Include="..\src\ucrt\heap\kfree.cpp">
      <Filter>ucxxrt\ucrt\heap</Filter>
    </ClCompile>
    <ClCompile Include="..\src\crt\vcruntime\delete_km.cpp">
      <Filter>ucxxrt\crt\vcruntime</Filter>
    </ClCompile>
    <ClCompile Include="..\src\crt\vcruntime\new_km.cpp">
      <Filter>ucxxrt\crt\vcruntime</Filter>
    </ClCompile>
    <ClCompile Include="..\src\ucrt\heap\stdalloc.cpp">
      <Filter>ucxxrt\ucrt\heap</Filter>
    </ClCompile>
  </ItemGroup>
  <ItemGroup>
    <MARMASM Include="..\src\crt\arm\chkstk.asm">
      <Filter>ucxxrt\crt\arm</Filter>
    </MARMASM>
    <MARMASM Include="..\src\crt\arm\divide.asm">
      <Filter>ucxxrt\crt\arm</Filter>
    </MARMASM>
    <MARMASM Include="..\src\crt\arm\fptoi64.asm">
      <Filter>ucxxrt\crt\arm</Filter>
    </MARMASM>
    <MARMASM Include="..\src\crt\arm\handlers.asm">
      <Filter>ucxxrt\crt\arm</Filter>
    </MARMASM>
    <MARMASM Include="..\src\crt\arm\i64tofp.asm">
      <Filter>ucxxrt\crt\arm</Filter>
    </MARMASM>
    <MARMASM Include="..\src\crt\arm\rshi64.asm">
      <Filter>ucxxrt\crt\arm</Filter>
    </MARMASM>
    <MARMASM Include="..\src\crt\arm\rshui64.asm">
      <Filter>ucxxrt\crt\arm</Filter>
    </MARMASM>
    <MARMASM Include="..\src\crt\arm\secpushpop.asm">
      <Filter>ucxxrt\crt\arm</Filter>
    </MARMASM>
    <MARMASM Include="..\src\crt\arm64\chkstk.asm">
      <Filter>ucxxrt\crt\arm64</Filter>
    </MARMASM>
    <MARMASM Include="..\src\crt\arm64\handlers.asm">
      <Filter>ucxxrt\crt\arm64</Filter>
    </MARMASM>
    <MARMASM Include="..\src\crt\arm64\secpushpop.asm">
      <Filter>ucxxrt\crt\arm64</Filter>
    </MARMASM>
  </ItemGroup>
  <ItemGroup>
    <MASM Include="..\src\crt\i386\alloca16.asm">
      <Filter>ucxxrt\crt\i386</Filter>
    </MASM>
    <MASM Include="..\src\crt\i386\chkstk.asm">
      <Filter>ucxxrt\crt\i386</Filter>
    </MASM>
    <MASM Include="..\src\crt\i386\dllsupp.asm">
      <Filter>ucxxrt\crt\i386</Filter>
    </MASM>
    <MASM Include="..\src\crt\i386\ehprolog.asm">
      <Filter>ucxxrt\crt\i386</Filter>
    </MASM>
    <MASM Include="..\src\crt\i386\ftol.asm">
      <Filter>ucxxrt\crt\i386</Filter>
    </MASM>
    <MASM Include="..\src\crt\i386\ftol2.asm">
      <Filter>ucxxrt\crt\i386</Filter>
    </MASM>
    <MASM Include="..\src\crt\i386\ftol3.asm">
      <Filter>ucxxrt\crt\i386</Filter>
    </MASM>
    <MASM Include="..\src\crt\i386\lldiv.asm">
      <Filter>ucxxrt\crt\i386</Filter>
    </MASM>
    <MASM Include="..\src\crt\i386\lldvrm.asm">
      <Filter>ucxxrt\crt\i386</Filter>
    </MASM>
    <MASM Include="..\src\crt\i386\llmul.asm">
      <Filter>ucxxrt\crt\i386</Filter>
    </MASM>
    <MASM Include="..\src\crt\i386\llrem.asm">
      <Filter>ucxxrt\crt\i386</Filter>
    </MASM>
    <MASM Include="..\src\crt\i386\llshl.asm">
      <Filter>ucxxrt\crt\i386</Filter>
    </MASM>
    <MASM Include="..\src\crt\i386\llshr.asm">
      <Filter>ucxxrt\crt\i386</Filter>
    </MASM>
    <MASM Include="..\src\crt\i386\lowhelpr.asm">
      <Filter>ucxxrt\crt\i386</Filter>
    </MASM>
    <MASM Include="..\src\crt\i386\ulldiv.asm">
      <Filter>ucxxrt\crt\i386</Filter>
    </MASM>
    <MASM Include="..\src\crt\i386\ulldvrm.asm">
      <Filter>ucxxrt\crt\i386</Filter>
    </MASM>
    <MASM Include="..\src\crt\i386\ullrem.asm">
      <Filter>ucxxrt\crt\i386</Filter>
    </MASM>
    <MASM Include="..\src\crt\i386\ullshr.asm">
      <Filter>ucxxrt\crt\i386</Filter>
    </MASM>
    <MASM Include="..\src\crt\x64\handlers.asm">
      <Filter>ucxxrt\crt\x64</Filter>
    </MASM>
    <MASM Include="..\src\crt\i386\exsup4.asm">
      <Filter>ucxxrt\crt\i386</Filter>
    </MASM>
    <MASM Include="..\src\crt\i386\exsup.asm">
      <Filter>ucxxrt\crt\i386</Filter>
    </MASM>
    <MASM Include="..\src\crt\i386\exsup2.asm">
      <Filter>ucxxrt\crt\i386</Filter>
    </MASM>
    <MASM Include="..\src\crt\i386\exsup3.asm">
      <Filter>ucxxrt\crt\i386</Filter>
    </MASM>
    <MASM Include="..\src\crt\x64\guard_dispatch.asm">
      <Filter>ucxxrt\crt\x64</Filter>
    </MASM>
  </ItemGroup>
</Project>